# This file was autogenerated by Stack.
# You should not edit this file by hand.
# For more information, please see the documentation at:
#   https://docs.haskellstack.org/en/stable/topics/lock_files

packages: []
snapshots:
- completed:
    sha256: ec0d413fadc5caf6bc3fb7fc196530d5b5f9ad5bf4403a40ae9417f854e565f7
    size: 733133
    url: https://raw.githubusercontent.com/commercialhaskell/stackage-snapshots/master/nightly/2026/3/28.yaml
  original: nightly-2026-03-28
